
Microsoft Visual Studio Solution File, Format Version 12.00
# Visual Studio 15
VisualStudioVersion = 15.0.28306.52
MinimumVisualStudioVersion = 10.0.40219.1
Project("{FAE04EC0-301F-11D3-BF4B-00C04F79EFBC}") = "WebApi", "WebApi\WebApi.csproj", "{20BFC173-3058-4094-971B-A641A4659E5C}"
EndProject
Project("{FAE04EC0-301F-11D3-BF4B-00C04F79EFBC}") = "AgentCmd", "AgentCmd\AgentCmd.csproj", "{772D5AA7-47DF-416E-9C42-D3B0E380FFE5}"
EndProject
Project("{FAE04EC0-301F-11D3-BF4B-00C04F79EFBC}") = "WebUI", "WebUI\WebUI.csproj", "{7F1CA623-F9E4-40DB-94F4-55C8D3ABA108}"
EndProject
Project("{FAE04EC0-301F-11D3-BF4B-00C04F79EFBC}") = "CommonLib", "CommonLib\CommonLib.csproj", "{602E99EF-1FFD-40DE-8A08-7C3972DC66A8}"
EndProject
Project("{FAE04EC0-301F-11D3-BF4B-00C04F79EFBC}") = "Tests", "Tests\Tests.csproj", "{62713357-1AB9-4AF2-8988-628AC1907A69}"
EndProject
Global
	GlobalSection(SolutionConfigurationPlatforms) = preSolution
		Debug|Any CPU = Debug|Any CPU
		Release|Any CPU = Release|Any CPU
	EndGlobalSection
	GlobalSection(ProjectConfigurationPlatforms) = postSolution
		{20BFC173-3058-4094-971B-A641A4659E5C}.Debug|Any CPU.ActiveCfg = Debug|Any CPU
		{20BFC173-3058-4094-971B-A641A4659E5C}.Debug|Any CPU.Build.0 = Debug|Any CPU
		{20BFC173-3058-4094-971B-A641A4659E5C}.Release|Any CPU.ActiveCfg = Release|Any CPU
		{20BFC173-3058-4094-971B-A641A4659E5C}.Release|Any CPU.Build.0 = Release|Any CPU
		{772D5AA7-47DF-416E-9C42-D3B0E380FFE5}.Debug|Any CPU.ActiveCfg = Debug|Any CPU
		{772D5AA7-47DF-416E-9C42-D3B0E380FFE5}.Debug|Any CPU.Build.0 = Debug|Any CPU
		{772D5AA7-47DF-416E-9C42-D3B0E380FFE5}.Release|Any CPU.ActiveCfg = Release|Any CPU
		{772D5AA7-47DF-416E-9C42-D3B0E380FFE5}.Release|Any CPU.Build.0 = Release|Any CPU
		{7F1CA623-F9E4-40DB-94F4-55C8D3ABA108}.Debug|Any CPU.ActiveCfg = Debug|Any CPU
		{7F1CA623-F9E4-40DB-94F4-55C8D3ABA108}.Debug|Any CPU.Build.0 = Debug|Any CPU
		{7F1CA623-F9E4-40DB-94F4-55C8D3ABA108}.Release|Any CPU.ActiveCfg = Release|Any CPU
		{7F1CA623-F9E4-40DB-94F4-55C8D3ABA108}.Release|Any CPU.Build.0 = Release|Any CPU
		{602E99EF-1FFD-40DE-8A08-7C3972DC66A8}.Debug|Any CPU.ActiveCfg = Debug|Any CPU
		{602E99EF-1FFD-40DE-8A08-7C3972DC66A8}.Debug|Any CPU.Build.0 = Debug|Any CPU
		{602E99EF-1FFD-40DE-8A08-7C3972DC66A8}.Release|Any CPU.ActiveCfg = Release|Any CPU
		{602E99EF-1FFD-40DE-8A08-7C3972DC66A8}.Release|Any CPU.Build.0 = Release|Any CPU
		{62713357-1AB9-4AF2-8988-628AC1907A69}.Debug|Any CPU.ActiveCfg = Debug|Any CPU
		{62713357-1AB9-4AF2-8988-628AC1907A69}.Debug|Any CPU.Build.0 = Debug|Any CPU
		{62713357-1AB9-4AF2-8988-628AC1907A69}.Release|Any CPU.ActiveCfg = Release|Any CPU
		{62713357-1AB9-4AF2-8988-628AC1907A69}.Release|Any CPU.Build.0 = Release|Any CPU
	EndGlobalSection
	GlobalSection(SolutionProperties) = preSolution
		HideSolutionNode = FALSE
	EndGlobalSection
	GlobalSection(ExtensibilityGlobals) = postSolution
		SolutionGuid = {55E3F6EB-791E-4F44-A52B-DADAA7B0F68A}
	EndGlobalSection
EndGlobal
